
Microsoft Visual Studio Solution File, Format Version 12.00
# Visual Studio Version 16
VisualStudioVersion = 16.0.31729.503
MinimumVisualStudioVersion = 10.0.40219.1
Project("{9A19103F-16F7-4668-BE54-9A1E7A4F7556}") = "Kerstdiner.WPF", "Kerstdiner.WPF\Kerstdiner.WPF.csproj", "{DE0689E9-B54B-47D4-BE4B-9821EA40D8BD}"
EndProject
Project("{FAE04EC0-301F-11D3-BF4B-00C04F79EFBC}") = "Kerstdiner.Models", "Kerstdiner.Models\Kerstdiner.Models.csproj", "{00E15AB2-F861-46E9-BC2E-A6DD1D22436E}"
EndProject
Project("{FAE04EC0-301F-11D3-BF4B-00C04F79EFBC}") = "Kerstdiner.DAL", "Kerstdiner.DAL\Kerstdiner.DAL.csproj", "{0C9EE90D-3929-48B2-85FD-6C57975B7128}"
EndProject
Project("{FAE04EC0-301F-11D3-BF4B-00C04F79EFBC}") = "Kerstdiner.Tests", "Kerstdiner.Tests\Kerstdiner.Tests.csproj", "{07CA85B1-2152-4D62-B595-1DEF9BFB7536}"
EndProject
Global
	GlobalSection(SolutionConfigurationPlatforms) = preSolution
		Debug|Any CPU = Debug|Any CPU
		Release|Any CPU = Release|Any CPU
	EndGlobalSection
	GlobalSection(ProjectConfigurationPlatforms) = postSolution
		{DE0689E9-B54B-47D4-BE4B-9821EA40D8BD}.Debug|Any CPU.ActiveCfg = Debug|Any CPU
		{DE0689E9-B54B-47D4-BE4B-9821EA40D8BD}.Debug|Any CPU.Build.0 = Debug|Any CPU
		{DE0689E9-B54B-47D4-BE4B-9821EA40D8BD}.Release|Any CPU.ActiveCfg = Release|Any CPU
		{DE0689E9-B54B-47D4-BE4B-9821EA40D8BD}.Release|Any CPU.Build.0 = Release|Any CPU
		{00E15AB2-F861-46E9-BC2E-A6DD1D22436E}.Debug|Any CPU.ActiveCfg = Debug|Any CPU
		{00E15AB2-F861-46E9-BC2E-A6DD1D22436E}.Debug|Any CPU.Build.0 = Debug|Any CPU
		{00E15AB2-F861-46E9-BC2E-A6DD1D22436E}.Release|Any CPU.ActiveCfg = Release|Any CPU
		{00E15AB2-F861-46E9-BC2E-A6DD1D22436E}.Release|Any CPU.Build.0 = Release|Any CPU
		{0C9EE90D-3929-48B2-85FD-6C57975B7128}.Debug|Any CPU.ActiveCfg = Debug|Any CPU
		{0C9EE90D-3929-48B2-85FD-6C57975B7128}.Debug|Any CPU.Build.0 = Debug|Any CPU
		{0C9EE90D-3929-48B2-85FD-6C57975B7128}.Release|Any CPU.ActiveCfg = Release|Any CPU
		{0C9EE90D-3929-48B2-85FD-6C57975B7128}.Release|Any CPU.Build.0 = Release|Any CPU
		{07CA85B1-2152-4D62-B595-1DEF9BFB7536}.Debug|Any CPU.ActiveCfg = Debug|Any CPU
		{07CA85B1-2152-4D62-B595-1DEF9BFB7536}.Debug|Any CPU.Build.0 = Debug|Any CPU
		{07CA85B1-2152-4D62-B595-1DEF9BFB7536}.Release|Any CPU.ActiveCfg = Release|Any CPU
		{07CA85B1-2152-4D62-B595-1DEF9BFB7536}.Release|Any CPU.Build.0 = Release|Any CPU
	EndGlobalSection
	GlobalSection(SolutionProperties) = preSolution
		HideSolutionNode = FALSE
	EndGlobalSection
	GlobalSection(ExtensibilityGlobals) = postSolution
		SolutionGuid = {067A5876-2901-4BD1-B75D-AC63FCBFAF3E}
	EndGlobalSection
EndGlobal
